<Solution>
  <Project Path="../BackgammonDiagram_Lib/BackgammonDiagram_Lib/BackgammonDiagram_Lib.csproj" />
  <Project Path="../BgDataTypes_Lib/BgDataTypes_Lib/BgDataTypes_Lib.csproj" />
  <Project Path="../BgDiag_Razor/BgDiag_Razor/BgDiag_Razor.csproj" />
  <Project Path="../BgGame_Lib/BgGame_Lib/BgGame_Lib.csproj" />
  <Project Path="../BgMoveGen/BgMoveGen/BgMoveGen.csproj" />
  <Project Path="../ConvertXgToJson_Lib/ConvertXgToJson_Lib/ConvertXgToJson_Lib.csproj" />
  <Project Path="../XgFilter_Lib/XgFilter_Lib/XgFilter_Lib.csproj" />
  <Project Path="../XgFilter_Razor/XgFilter_Razor/XgFilter_Razor.csproj" />
  <Project Path="BgQuiz_Blazor/BgQuiz_Blazor.csproj" />
  <Project Path="BgQuiz_Blazor.Client/BgQuiz_Blazor.Client.csproj" />
  <Project Path="BgQuiz_Blazor.E2eTests/BgQuiz_Blazor.E2eTests.csproj" />
  <Project Path="BgQuiz_Blazor.Tests/BgQuiz_Blazor.Tests.csproj" />
</Solution>
